// !$*UTF8*$!
{
	archiveVersion = 1;
	classes = {
	};
	objectVersion = 46;
	objects = {

/* Begin PBXBuildFile section */
		CF10AEDB16B177D5008F9741 /* RedmineTimeTracker.xcdatamodeld in Sources */ = {isa = PBXBuildFile; fileRef = CF10AED916B177D5008F9741 /* RedmineTimeTracker.xcdatamodeld */; };
		CF10AEDD16B17845008F9741 /* SystemConfiguration.framework in Frameworks */ = {isa = PBXBuildFile; fileRef = CF10AEDC16B17845008F9741 /* SystemConfiguration.framework */; };
		CF10AEF616B179EF008F9741 /* SMManagedObject+networkExtension.m in Sources */ = {isa = PBXBuildFile; fileRef = CF10AEF516B179EF008F9741 /* SMManagedObject+networkExtension.m */; };
		CF10AF0016B17B4C008F9741 /* SMHttpClient.m in Sources */ = {isa = PBXBuildFile; fileRef = CF10AEFF16B17B4C008F9741 /* SMHttpClient.m */; };
		CF10AF0116B17DBB008F9741 /* SMUpdateOperation.m in Sources */ = {isa = PBXBuildFile; fileRef = CF10AEFC16B17AEC008F9741 /* SMUpdateOperation.m */; };
		CF114ADE16B686DF0033346D /* Carbon.framework in Frameworks */ = {isa = PBXBuildFile; fileRef = CF114ADD16B686DF0033346D /* Carbon.framework */; };
		CF114B8B16B6880D0033346D /* DDHotKeyCenter.m in Sources */ = {isa = PBXBuildFile; fileRef = CF114B7D16B6880D0033346D /* DDHotKeyCenter.m */; };
		CF114B9916B68EC70033346D /* StartTrackingWindowController.m in Sources */ = {isa = PBXBuildFile; fileRef = CF114B9716B68EC60033346D /* StartTrackingWindowController.m */; };
		CF114B9A16B68EC70033346D /* StartTrackingWindowController.xib in Resources */ = {isa = PBXBuildFile; fileRef = CF114B9816B68EC60033346D /* StartTrackingWindowController.xib */; };
		CF114BA116B6CBED0033346D /* TrackingWindowController.m in Sources */ = {isa = PBXBuildFile; fileRef = CF114B9F16B6CBED0033346D /* TrackingWindowController.m */; };
		CF114BA216B6CBED0033346D /* TrackingWindowController.xib in Resources */ = {isa = PBXBuildFile; fileRef = CF114BA016B6CBED0033346D /* TrackingWindowController.xib */; };
		CF114BC316B6D36D0033346D /* SMCurrentUser+trackingExtension.m in Sources */ = {isa = PBXBuildFile; fileRef = CF114BC216B6D36D0033346D /* SMCurrentUser+trackingExtension.m */; };
		CF114BC716B6D9A60033346D /* TimeTracker.m in Sources */ = {isa = PBXBuildFile; fileRef = CF114BC616B6D9A60033346D /* TimeTracker.m */; };
		CF114BCE16B6DF4E0033346D /* SMTimeEntry+DisplayThingi.m in Sources */ = {isa = PBXBuildFile; fileRef = CF114BCD16B6DF4D0033346D /* SMTimeEntry+DisplayThingi.m */; };
		CF2EBDFE16B7E5C400CA2BAA /* TimeIssueRowView.m in Sources */ = {isa = PBXBuildFile; fileRef = CF2EBDFD16B7E5C400CA2BAA /* TimeIssueRowView.m */; };
		CF8844B716B045E9008B87FC /* Cocoa.framework in Frameworks */ = {isa = PBXBuildFile; fileRef = CF8844B616B045E9008B87FC /* Cocoa.framework */; };
		CF8844C116B045E9008B87FC /* InfoPlist.strings in Resources */ = {isa = PBXBuildFile; fileRef = CF8844BF16B045E9008B87FC /* InfoPlist.strings */; };
		CF8844C316B045E9008B87FC /* main.m in Sources */ = {isa = PBXBuildFile; fileRef = CF8844C216B045E9008B87FC /* main.m */; };
		CF8844C716B045E9008B87FC /* Credits.rtf in Resources */ = {isa = PBXBuildFile; fileRef = CF8844C516B045E9008B87FC /* Credits.rtf */; };
		CF8844CA16B045E9008B87FC /* AppDelegate.m in Sources */ = {isa = PBXBuildFile; fileRef = CF8844C916B045E9008B87FC /* AppDelegate.m */; };
		CF8844CD16B045E9008B87FC /* MainMenu.xib in Resources */ = {isa = PBXBuildFile; fileRef = CF8844CB16B045E9008B87FC /* MainMenu.xib */; };
		CF88452216B17767008B87FC /* AFHTTPClient.m in Sources */ = {isa = PBXBuildFile; fileRef = CF8844DB16B17767008B87FC /* AFHTTPClient.m */; };
		CF88452316B17767008B87FC /* AFHTTPRequestOperation.m in Sources */ = {isa = PBXBuildFile; fileRef = CF8844DD16B17767008B87FC /* AFHTTPRequestOperation.m */; };
		CF88452416B17767008B87FC /* AFImageRequestOperation.m in Sources */ = {isa = PBXBuildFile; fileRef = CF8844DF16B17767008B87FC /* AFImageRequestOperation.m */; };
		CF88452516B17767008B87FC /* AFJSONRequestOperation.m in Sources */ = {isa = PBXBuildFile; fileRef = CF8844E116B17767008B87FC /* AFJSONRequestOperation.m */; };
		CF88452616B17767008B87FC /* AFNetworkActivityIndicatorManager.m in Sources */ = {isa = PBXBuildFile; fileRef = CF8844E316B17767008B87FC /* AFNetworkActivityIndicatorManager.m */; };
		CF88452716B17767008B87FC /* AFPropertyListRequestOperation.m in Sources */ = {isa = PBXBuildFile; fileRef = CF8844E616B17767008B87FC /* AFPropertyListRequestOperation.m */; };
		CF88452816B17767008B87FC /* AFURLConnectionOperation.m in Sources */ = {isa = PBXBuildFile; fileRef = CF8844E816B17767008B87FC /* AFURLConnectionOperation.m */; };
		CF88452916B17767008B87FC /* AFXMLRequestOperation.m in Sources */ = {isa = PBXBuildFile; fileRef = CF8844EA16B17767008B87FC /* AFXMLRequestOperation.m */; };
		CF88452A16B17767008B87FC /* UIImageView+AFNetworking.m in Sources */ = {isa = PBXBuildFile; fileRef = CF8844EC16B17767008B87FC /* UIImageView+AFNetworking.m */; };
		CF8A1AF616B7AC1300ED429E /* SMTimeEntry+networkExtension.m in Sources */ = {isa = PBXBuildFile; fileRef = CF8A1AF516B7AC1300ED429E /* SMTimeEntry+networkExtension.m */; };
		CF8A1B0216B7AFFD00ED429E /* SMPriority.m in Sources */ = {isa = PBXBuildFile; fileRef = CF8A1B0116B7AFFD00ED429E /* SMPriority.m */; };
		CF8A1B0516B7AFFD00ED429E /* SMStatus.m in Sources */ = {isa = PBXBuildFile; fileRef = CF8A1B0416B7AFFD00ED429E /* SMStatus.m */; };
		CF8A1B0816B7AFFE00ED429E /* SMManagedObject.m in Sources */ = {isa = PBXBuildFile; fileRef = CF8A1B0716B7AFFD00ED429E /* SMManagedObject.m */; };
		CF8A1B0B16B7AFFE00ED429E /* SMTimeEntry.m in Sources */ = {isa = PBXBuildFile; fileRef = CF8A1B0A16B7AFFE00ED429E /* SMTimeEntry.m */; };
		CF8A1B0E16B7AFFE00ED429E /* SMTrackers.m in Sources */ = {isa = PBXBuildFile; fileRef = CF8A1B0D16B7AFFE00ED429E /* SMTrackers.m */; };
		CF8A1B1116B7AFFE00ED429E /* SMRedmineUser.m in Sources */ = {isa = PBXBuildFile; fileRef = CF8A1B1016B7AFFE00ED429E /* SMRedmineUser.m */; };
		CF8A1B1416B7AFFF00ED429E /* SMActivity.m in Sources */ = {isa = PBXBuildFile; fileRef = CF8A1B1316B7AFFF00ED429E /* SMActivity.m */; };
		CF8A1B1716B7AFFF00ED429E /* SMIssue.m in Sources */ = {isa = PBXBuildFile; fileRef = CF8A1B1616B7AFFF00ED429E /* SMIssue.m */; };
		CF8A1B1A16B7AFFF00ED429E /* SMProjects.m in Sources */ = {isa = PBXBuildFile; fileRef = CF8A1B1916B7AFFF00ED429E /* SMProjects.m */; };
		CF8A1B1D16B7AFFF00ED429E /* SMCurrentUser.m in Sources */ = {isa = PBXBuildFile; fileRef = CF8A1B1C16B7AFFF00ED429E /* SMCurrentUser.m */; };
		CF8A1B2916B7CFE500ED429E /* PreferencesWindowController.m in Sources */ = {isa = PBXBuildFile; fileRef = CF8A1B2716B7CFE400ED429E /* PreferencesWindowController.m */; };
		CF8A1B2A16B7CFE500ED429E /* PreferencesWindowController.xib in Resources */ = {isa = PBXBuildFile; fileRef = CF8A1B2816B7CFE500ED429E /* PreferencesWindowController.xib */; };
		CFABD41416B1826900C93A0D /* SMNetworkUpdate.m in Sources */ = {isa = PBXBuildFile; fileRef = CFABD41316B1826900C93A0D /* SMNetworkUpdate.m */; };
		CFABD42616B1A06500C93A0D /* StatusBarMenu.m in Sources */ = {isa = PBXBuildFile; fileRef = CFABD42516B1A06500C93A0D /* StatusBarMenu.m */; };
		CFABD42916B1A07800C93A0D /* ActiveApplicationTracker.m in Sources */ = {isa = PBXBuildFile; fileRef = CFABD42816B1A07800C93A0D /* ActiveApplicationTracker.m */; };
		CFABD42C16B1A49800C93A0D /* IssuesList.m in Sources */ = {isa = PBXBuildFile; fileRef = CFABD42B16B1A49800C93A0D /* IssuesList.m */; };
/* End PBXBuildFile section */

/* Begin PBXFileReference section */
		CF10AEDA16B177D5008F9741 /* RedmineTimeTracker.xcdatamodel */ = {isa = PBXFileReference; lastKnownFileType = wrapper.xcdatamodel; path = RedmineTimeTracker.xcdatamodel; sourceTree = "<group>"; };
		CF10AEDC16B17845008F9741 /* SystemConfiguration.framework */ = {isa = PBXFileReference; lastKnownFileType = wrapper.framework; name = SystemConfiguration.framework; path = System/Library/Frameworks/SystemConfiguration.framework; sourceTree = SDKROOT; };
		CF10AEF416B179EF008F9741 /* SMManagedObject+networkExtension.h */ = {isa = PBXFileReference; fileEncoding = 4; lastKnownFileType = sourcecode.c.h; path = "SMManagedObject+networkExtension.h"; sourceTree = "<group>"; };
		CF10AEF516B179EF008F9741 /* SMManagedObject+networkExtension.m */ = {isa = PBXFileReference; fileEncoding = 4; lastKnownFileType = sourcecode.c.objc; path = "SMManagedObject+networkExtension.m"; sourceTree = "<group>"; };
		CF10AEFB16B17AEC008F9741 /* SMUpdateOperation.h */ = {isa = PBXFileReference; lastKnownFileType = sourcecode.c.h; path = SMUpdateOperation.h; sourceTree = "<group>"; };
		CF10AEFC16B17AEC008F9741 /* SMUpdateOperation.m */ = {isa = PBXFileReference; lastKnownFileType = sourcecode.c.objc; path = SMUpdateOperation.m; sourceTree = "<group>"; };
		CF10AEFE16B17B4C008F9741 /* SMHttpClient.h */ = {isa = PBXFileReference; fileEncoding = 4; lastKnownFileType = sourcecode.c.h; path = SMHttpClient.h; sourceTree = "<group>"; };
		CF10AEFF16B17B4C008F9741 /* SMHttpClient.m */ = {isa = PBXFileReference; fileEncoding = 4; lastKnownFileType = sourcecode.c.objc; path = SMHttpClient.m; sourceTree = "<group>"; };
		CF114ADD16B686DF0033346D /* Carbon.framework */ = {isa = PBXFileReference; lastKnownFileType = wrapper.framework; name = Carbon.framework; path = System/Library/Frameworks/Carbon.framework; sourceTree = SDKROOT; };
		CF114B7C16B6880D0033346D /* DDHotKeyCenter.h */ = {isa = PBXFileReference; fileEncoding = 4; lastKnownFileType = sourcecode.c.h; path = DDHotKeyCenter.h; sourceTree = "<group>"; };
		CF114B7D16B6880D0033346D /* DDHotKeyCenter.m */ = {isa = PBXFileReference; fileEncoding = 4; lastKnownFileType = sourcecode.c.objc; path = DDHotKeyCenter.m; sourceTree = "<group>"; };
		CF114B9616B68EC60033346D /* StartTrackingWindowController.h */ = {isa = PBXFileReference; fileEncoding = 4; lastKnownFileType = sourcecode.c.h; path = StartTrackingWindowController.h; sourceTree = "<group>"; };
		CF114B9716B68EC60033346D /* StartTrackingWindowController.m */ = {isa = PBXFileReference; fileEncoding = 4; lastKnownFileType = sourcecode.c.objc; path = StartTrackingWindowController.m; sourceTree = "<group>"; };
		CF114B9816B68EC60033346D /* StartTrackingWindowController.xib */ = {isa = PBXFileReference; fileEncoding = 4; lastKnownFileType = file.xib; path = StartTrackingWindowController.xib; sourceTree = "<group>"; };
		CF114B9E16B6CBED0033346D /* TrackingWindowController.h */ = {isa = PBXFileReference; fileEncoding = 4; lastKnownFileType = sourcecode.c.h; path = TrackingWindowController.h; sourceTree = "<group>"; };
		CF114B9F16B6CBED0033346D /* TrackingWindowController.m */ = {isa = PBXFileReference; fileEncoding = 4; lastKnownFileType = sourcecode.c.objc; path = TrackingWindowController.m; sourceTree = "<group>"; };
		CF114BA016B6CBED0033346D /* TrackingWindowController.xib */ = {isa = PBXFileReference; fileEncoding = 4; lastKnownFileType = file.xib; path = TrackingWindowController.xib; sourceTree = "<group>"; };
		CF114BC116B6D36D0033346D /* SMCurrentUser+trackingExtension.h */ = {isa = PBXFileReference; fileEncoding = 4; lastKnownFileType = sourcecode.c.h; path = "SMCurrentUser+trackingExtension.h"; sourceTree = "<group>"; };
		CF114BC216B6D36D0033346D /* SMCurrentUser+trackingExtension.m */ = {isa = PBXFileReference; fileEncoding = 4; lastKnownFileType = sourcecode.c.objc; path = "SMCurrentUser+trackingExtension.m"; sourceTree = "<group>"; };
		CF114BC516B6D9A60033346D /* TimeTracker.h */ = {isa = PBXFileReference; fileEncoding = 4; lastKnownFileType = sourcecode.c.h; path = TimeTracker.h; sourceTree = "<group>"; };
		CF114BC616B6D9A60033346D /* TimeTracker.m */ = {isa = PBXFileReference; fileEncoding = 4; lastKnownFileType = sourcecode.c.objc; path = TimeTracker.m; sourceTree = "<group>"; };
		CF114BCC16B6DF4D0033346D /* SMTimeEntry+DisplayThingi.h */ = {isa = PBXFileReference; fileEncoding = 4; lastKnownFileType = sourcecode.c.h; path = "SMTimeEntry+DisplayThingi.h"; sourceTree = "<group>"; };
		CF114BCD16B6DF4D0033346D /* SMTimeEntry+DisplayThingi.m */ = {isa = PBXFileReference; fileEncoding = 4; lastKnownFileType = sourcecode.c.objc; path = "SMTimeEntry+DisplayThingi.m"; sourceTree = "<group>"; };
		CF2EBDFC16B7E5C400CA2BAA /* TimeIssueRowView.h */ = {isa = PBXFileReference; fileEncoding = 4; lastKnownFileType = sourcecode.c.h; path = TimeIssueRowView.h; sourceTree = "<group>"; };
		CF2EBDFD16B7E5C400CA2BAA /* TimeIssueRowView.m */ = {isa = PBXFileReference; fileEncoding = 4; lastKnownFileType = sourcecode.c.objc; path = TimeIssueRowView.m; sourceTree = "<group>"; };
		CF8844B216B045E9008B87FC /* RedmineTimeTracker.app */ = {isa = PBXFileReference; explicitFileType = wrapper.application; includeInIndex = 0; path = RedmineTimeTracker.app; sourceTree = BUILT_PRODUCTS_DIR; };
		CF8844B616B045E9008B87FC /* Cocoa.framework */ = {isa = PBXFileReference; lastKnownFileType = wrapper.framework; name = Cocoa.framework; path = System/Library/Frameworks/Cocoa.framework; sourceTree = SDKROOT; };
		CF8844B916B045E9008B87FC /* AppKit.framework */ = {isa = PBXFileReference; lastKnownFileType = wrapper.framework; name = AppKit.framework; path = System/Library/Frameworks/AppKit.framework; sourceTree = SDKROOT; };
		CF8844BA16B045E9008B87FC /* CoreData.framework */ = {isa = PBXFileReference; lastKnownFileType = wrapper.framework; name = CoreData.framework; path = System/Library/Frameworks/CoreData.framework; sourceTree = SDKROOT; };
		CF8844BB16B045E9008B87FC /* Foundation.framework */ = {isa = PBXFileReference; lastKnownFileType = wrapper.framework; name = Foundation.framework; path = System/Library/Frameworks/Foundation.framework; sourceTree = SDKROOT; };
		CF8844BE16B045E9008B87FC /* RedmineTimeTracker-Info.plist */ = {isa = PBXFileReference; lastKnownFileType = text.plist.xml; path = "RedmineTimeTracker-Info.plist"; sourceTree = "<group>"; };
		CF8844C016B045E9008B87FC /* en */ = {isa = PBXFileReference; lastKnownFileType = text.plist.strings; name = en; path = en.lproj/InfoPlist.strings; sourceTree = "<group>"; };
		CF8844C216B045E9008B87FC /* main.m */ = {isa = PBXFileReference; lastKnownFileType = sourcecode.c.objc; path = main.m; sourceTree = "<group>"; };
		CF8844C416B045E9008B87FC /* RedmineTimeTracker-Prefix.pch */ = {isa = PBXFileReference; lastKnownFileType = sourcecode.c.h; path = "RedmineTimeTracker-Prefix.pch"; sourceTree = "<group>"; };
		CF8844C616B045E9008B87FC /* en */ = {isa = PBXFileReference; lastKnownFileType = text.rtf; name = en; path = en.lproj/Credits.rtf; sourceTree = "<group>"; };
		CF8844C816B045E9008B87FC /* AppDelegate.h */ = {isa = PBXFileReference; lastKnownFileType = sourcecode.c.h; path = AppDelegate.h; sourceTree = "<group>"; };
		CF8844C916B045E9008B87FC /* AppDelegate.m */ = {isa = PBXFileReference; lastKnownFileType = sourcecode.c.objc; path = AppDelegate.m; sourceTree = "<group>"; };
		CF8844CC16B045E9008B87FC /* en */ = {isa = PBXFileReference; lastKnownFileType = file.xib; name = en; path = en.lproj/MainMenu.xib; sourceTree = "<group>"; };
		CF8844DA16B17767008B87FC /* AFHTTPClient.h */ = {isa = PBXFileReference; fileEncoding = 4; lastKnownFileType = sourcecode.c.h; path = AFHTTPClient.h; sourceTree = "<group>"; };
		CF8844DB16B17767008B87FC /* AFHTTPClient.m */ = {isa = PBXFileReference; fileEncoding = 4; lastKnownFileType = sourcecode.c.objc; path = AFHTTPClient.m; sourceTree = "<group>"; };
		CF8844DC16B17767008B87FC /* AFHTTPRequestOperation.h */ = {isa = PBXFileReference; fileEncoding = 4; lastKnownFileType = sourcecode.c.h; path = AFHTTPRequestOperation.h; sourceTree = "<group>"; };
		CF8844DD16B17767008B87FC /* AFHTTPRequestOperation.m */ = {isa = PBXFileReference; fileEncoding = 4; lastKnownFileType = sourcecode.c.objc; path = AFHTTPRequestOperation.m; sourceTree = "<group>"; };
		CF8844DE16B17767008B87FC /* AFImageRequestOperation.h */ = {isa = PBXFileReference; fileEncoding = 4; lastKnownFileType = sourcecode.c.h; path = AFImageRequestOperation.h; sourceTree = "<group>"; };
		CF8844DF16B17767008B87FC /* AFImageRequestOperation.m */ = {isa = PBXFileReference; fileEncoding = 4; lastKnownFileType = sourcecode.c.objc; path = AFImageRequestOperation.m; sourceTree = "<group>"; };
		CF8844E016B17767008B87FC /* AFJSONRequestOperation.h */ = {isa = PBXFileReference; fileEncoding = 4; lastKnownFileType = sourcecode.c.h; path = AFJSONRequestOperation.h; sourceTree = "<group>"; };
		CF8844E116B17767008B87FC /* AFJSONRequestOperation.m */ = {isa = PBXFileReference; fileEncoding = 4; lastKnownFileType = sourcecode.c.objc; path = AFJSONRequestOperation.m; sourceTree = "<group>"; };
		CF8844E216B17767008B87FC /* AFNetworkActivityIndicatorManager.h */ = {isa = PBXFileReference; fileEncoding = 4; lastKnownFileType = sourcecode.c.h; path = AFNetworkActivityIndicatorManager.h; sourceTree = "<group>"; };
		CF8844E316B17767008B87FC /* AFNetworkActivityIndicatorManager.m */ = {isa = PBXFileReference; fileEncoding = 4; lastKnownFileType = sourcecode.c.objc; path = AFNetworkActivityIndicatorManager.m; sourceTree = "<group>"; };
		CF8844E416B17767008B87FC /* AFNetworking.h */ = {isa = PBXFileReference; fileEncoding = 4; lastKnownFileType = sourcecode.c.h; path = AFNetworking.h; sourceTree = "<group>"; };
		CF8844E516B17767008B87FC /* AFPropertyListRequestOperation.h */ = {isa = PBXFileReference; fileEncoding = 4; lastKnownFileType = sourcecode.c.h; path = AFPropertyListRequestOperation.h; sourceTree = "<group>"; };
		CF8844E616B17767008B87FC /* AFPropertyListRequestOperation.m */ = {isa = PBXFileReference; fileEncoding = 4; lastKnownFileType = sourcecode.c.objc; path = AFPropertyListRequestOperation.m; sourceTree = "<group>"; };
		CF8844E716B17767008B87FC /* AFURLConnectionOperation.h */ = {isa = PBXFileReference; fileEncoding = 4; lastKnownFileType = sourcecode.c.h; path = AFURLConnectionOperation.h; sourceTree = "<group>"; };
		CF8844E816B17767008B87FC /* AFURLConnectionOperation.m */ = {isa = PBXFileReference; fileEncoding = 4; lastKnownFileType = sourcecode.c.objc; path = AFURLConnectionOperation.m; sourceTree = "<group>"; };
		CF8844E916B17767008B87FC /* AFXMLRequestOperation.h */ = {isa = PBXFileReference; fileEncoding = 4; lastKnownFileType = sourcecode.c.h; path = AFXMLRequestOperation.h; sourceTree = "<group>"; };
		CF8844EA16B17767008B87FC /* AFXMLRequestOperation.m */ = {isa = PBXFileReference; fileEncoding = 4; lastKnownFileType = sourcecode.c.objc; path = AFXMLRequestOperation.m; sourceTree = "<group>"; };
		CF8844EB16B17767008B87FC /* UIImageView+AFNetworking.h */ = {isa = PBXFileReference; fileEncoding = 4; lastKnownFileType = sourcecode.c.h; path = "UIImageView+AFNetworking.h"; sourceTree = "<group>"; };
		CF8844EC16B17767008B87FC /* UIImageView+AFNetworking.m */ = {isa = PBXFileReference; fileEncoding = 4; lastKnownFileType = sourcecode.c.objc; path = "UIImageView+AFNetworking.m"; sourceTree = "<group>"; };
		CF8A1AF416B7AC1300ED429E /* SMTimeEntry+networkExtension.h */ = {isa = PBXFileReference; fileEncoding = 4; lastKnownFileType = sourcecode.c.h; path = "SMTimeEntry+networkExtension.h"; sourceTree = "<group>"; };
		CF8A1AF516B7AC1300ED429E /* SMTimeEntry+networkExtension.m */ = {isa = PBXFileReference; fileEncoding = 4; lastKnownFileType = sourcecode.c.objc; path = "SMTimeEntry+networkExtension.m"; sourceTree = "<group>"; };
		CF8A1B0016B7AFFD00ED429E /* SMPriority.h */ = {isa = PBXFileReference; fileEncoding = 4; lastKnownFileType = sourcecode.c.h; path = SMPriority.h; sourceTree = "<group>"; };
		CF8A1B0116B7AFFD00ED429E /* SMPriority.m */ = {isa = PBXFileReference; fileEncoding = 4; lastKnownFileType = sourcecode.c.objc; path = SMPriority.m; sourceTree = "<group>"; };
		CF8A1B0316B7AFFD00ED429E /* SMStatus.h */ = {isa = PBXFileReference; fileEncoding = 4; lastKnownFileType = sourcecode.c.h; path = SMStatus.h; sourceTree = "<group>"; };
		CF8A1B0416B7AFFD00ED429E /* SMStatus.m */ = {isa = PBXFileReference; fileEncoding = 4; lastKnownFileType = sourcecode.c.objc; path = SMStatus.m; sourceTree = "<group>"; };
		CF8A1B0616B7AFFD00ED429E /* SMManagedObject.h */ = {isa = PBXFileReference; fileEncoding = 4; lastKnownFileType = sourcecode.c.h; path = SMManagedObject.h; sourceTree = "<group>"; };
		CF8A1B0716B7AFFD00ED429E /* SMManagedObject.m */ = {isa = PBXFileReference; fileEncoding = 4; lastKnownFileType = sourcecode.c.objc; path = SMManagedObject.m; sourceTree = "<group>"; };
		CF8A1B0916B7AFFE00ED429E /* SMTimeEntry.h */ = {isa = PBXFileReference; fileEncoding = 4; lastKnownFileType = sourcecode.c.h; path = SMTimeEntry.h; sourceTree = "<group>"; };
		CF8A1B0A16B7AFFE00ED429E /* SMTimeEntry.m */ = {isa = PBXFileReference; fileEncoding = 4; lastKnownFileType = sourcecode.c.objc; path = SMTimeEntry.m; sourceTree = "<group>"; };
		CF8A1B0C16B7AFFE00ED429E /* SMTrackers.h */ = {isa = PBXFileReference; fileEncoding = 4; lastKnownFileType = sourcecode.c.h; path = SMTrackers.h; sourceTree = "<group>"; };
		CF8A1B0D16B7AFFE00ED429E /* SMTrackers.m */ = {isa = PBXFileReference; fileEncoding = 4; lastKnownFileType = sourcecode.c.objc; path = SMTrackers.m; sourceTree = "<group>"; };
		CF8A1B0F16B7AFFE00ED429E /* SMRedmineUser.h */ = {isa = PBXFileReference; fileEncoding = 4; lastKnownFileType = sourcecode.c.h; path = SMRedmineUser.h; sourceTree = "<group>"; };
		CF8A1B1016B7AFFE00ED429E /* SMRedmineUser.m */ = {isa = PBXFileReference; fileEncoding = 4; lastKnownFileType = sourcecode.c.objc; path = SMRedmineUser.m; sourceTree = "<group>"; };
		CF8A1B1216B7AFFE00ED429E /* SMActivity.h */ = {isa = PBXFileReference; fileEncoding = 4; lastKnownFileType = sourcecode.c.h; path = SMActivity.h; sourceTree = "<group>"; };
		CF8A1B1316B7AFFF00ED429E /* SMActivity.m */ = {isa = PBXFileReference; fileEncoding = 4; lastKnownFileType = sourcecode.c.objc; path = SMActivity.m; sourceTree = "<group>"; };
		CF8A1B1516B7AFFF00ED429E /* SMIssue.h */ = {isa = PBXFileReference; fileEncoding = 4; lastKnownFileType = sourcecode.c.h; path = SMIssue.h; sourceTree = "<group>"; };
		CF8A1B1616B7AFFF00ED429E /* SMIssue.m */ = {isa = PBXFileReference; fileEncoding = 4; lastKnownFileType = sourcecode.c.objc; path = SMIssue.m; sourceTree = "<group>"; };
		CF8A1B1816B7AFFF00ED429E /* SMProjects.h */ = {isa = PBXFileReference; fileEncoding = 4; lastKnownFileType = sourcecode.c.h; path = SMProjects.h; sourceTree = "<group>"; };
		CF8A1B1916B7AFFF00ED429E /* SMProjects.m */ = {isa = PBXFileReference; fileEncoding = 4; lastKnownFileType = sourcecode.c.objc; path = SMProjects.m; sourceTree = "<group>"; };
		CF8A1B1B16B7AFFF00ED429E /* SMCurrentUser.h */ = {isa = PBXFileReference; fileEncoding = 4; lastKnownFileType = sourcecode.c.h; path = SMCurrentUser.h; sourceTree = "<group>"; };
		CF8A1B1C16B7AFFF00ED429E /* SMCurrentUser.m */ = {isa = PBXFileReference; fileEncoding = 4; lastKnownFileType = sourcecode.c.objc; path = SMCurrentUser.m; sourceTree = "<group>"; };
		CF8A1B2616B7CFE400ED429E /* PreferencesWindowController.h */ = {isa = PBXFileReference; fileEncoding = 4; lastKnownFileType = sourcecode.c.h; path = PreferencesWindowController.h; sourceTree = "<group>"; };
		CF8A1B2716B7CFE400ED429E /* PreferencesWindowController.m */ = {isa = PBXFileReference; fileEncoding = 4; lastKnownFileType = sourcecode.c.objc; path = PreferencesWindowController.m; sourceTree = "<group>"; };
		CF8A1B2816B7CFE500ED429E /* PreferencesWindowController.xib */ = {isa = PBXFileReference; fileEncoding = 4; lastKnownFileType = file.xib; path = PreferencesWindowController.xib; sourceTree = "<group>"; };
		CFABD41216B1826900C93A0D /* SMNetworkUpdate.h */ = {isa = PBXFileReference; fileEncoding = 4; lastKnownFileType = sourcecode.c.h; path = SMNetworkUpdate.h; sourceTree = "<group>"; };
		CFABD41316B1826900C93A0D /* SMNetworkUpdate.m */ = {isa = PBXFileReference; fileEncoding = 4; lastKnownFileType = sourcecode.c.objc; path = SMNetworkUpdate.m; sourceTree = "<group>"; };
		CFABD42416B1A06500C93A0D /* StatusBarMenu.h */ = {isa = PBXFileReference; fileEncoding = 4; lastKnownFileType = sourcecode.c.h; path = StatusBarMenu.h; sourceTree = "<group>"; };
		CFABD42516B1A06500C93A0D /* StatusBarMenu.m */ = {isa = PBXFileReference; fileEncoding = 4; lastKnownFileType = sourcecode.c.objc; path = StatusBarMenu.m; sourceTree = "<group>"; };
		CFABD42716B1A07800C93A0D /* ActiveApplicationTracker.h */ = {isa = PBXFileReference; fileEncoding = 4; lastKnownFileType = sourcecode.c.h; name = ActiveApplicationTracker.h; path = ../gui/ActiveApplicationTracker.h; sourceTree = "<group>"; };
		CFABD42816B1A07800C93A0D /* ActiveApplicationTracker.m */ = {isa = PBXFileReference; fileEncoding = 4; lastKnownFileType = sourcecode.c.objc; name = ActiveApplicationTracker.m; path = ../gui/ActiveApplicationTracker.m; sourceTree = "<group>"; };
		CFABD42A16B1A49800C93A0D /* IssuesList.h */ = {isa = PBXFileReference; fileEncoding = 4; lastKnownFileType = sourcecode.c.h; path = IssuesList.h; sourceTree = "<group>"; };
		CFABD42B16B1A49800C93A0D /* IssuesList.m */ = {isa = PBXFileReference; fileEncoding = 4; lastKnownFileType = sourcecode.c.objc; path = IssuesList.m; sourceTree = "<group>"; };
/* End PBXFileReference section */

/* Begin PBXFrameworksBuildPhase section */
		CF8844AF16B045E9008B87FC /* Frameworks */ = {
			isa = PBXFrameworksBuildPhase;
			buildActionMask = 2147483647;
			files = (
				CF114ADE16B686DF0033346D /* Carbon.framework in Frameworks */,
				CF10AEDD16B17845008F9741 /* SystemConfiguration.framework in Frameworks */,
				CF8844B716B045E9008B87FC /* Cocoa.framework in Frameworks */,
			);
			runOnlyForDeploymentPostprocessing = 0;
		};
/* End PBXFrameworksBuildPhase section */

/* Begin PBXGroup section */
		CF10AED816B177D5008F9741 /* model */ = {
			isa = PBXGroup;
			children = (
				CF10AEFB16B17AEC008F9741 /* SMUpdateOperation.h */,
				CF10AEFC16B17AEC008F9741 /* SMUpdateOperation.m */,
				CF10AED916B177D5008F9741 /* RedmineTimeTracker.xcdatamodeld */,
				CF8A1B1B16B7AFFF00ED429E /* SMCurrentUser.h */,
				CF8A1B1C16B7AFFF00ED429E /* SMCurrentUser.m */,
				CF8A1B1816B7AFFF00ED429E /* SMProjects.h */,
				CF8A1B1916B7AFFF00ED429E /* SMProjects.m */,
				CF8A1B1516B7AFFF00ED429E /* SMIssue.h */,
				CF8A1B1616B7AFFF00ED429E /* SMIssue.m */,
				CF8A1B1216B7AFFE00ED429E /* SMActivity.h */,
				CF8A1B1316B7AFFF00ED429E /* SMActivity.m */,
				CF8A1B0F16B7AFFE00ED429E /* SMRedmineUser.h */,
				CF8A1B1016B7AFFE00ED429E /* SMRedmineUser.m */,
				CF8A1B0C16B7AFFE00ED429E /* SMTrackers.h */,
				CF8A1B0D16B7AFFE00ED429E /* SMTrackers.m */,
				CF8A1B0916B7AFFE00ED429E /* SMTimeEntry.h */,
				CF8A1B0A16B7AFFE00ED429E /* SMTimeEntry.m */,
				CF8A1B0616B7AFFD00ED429E /* SMManagedObject.h */,
				CF8A1B0716B7AFFD00ED429E /* SMManagedObject.m */,
				CF8A1B0316B7AFFD00ED429E /* SMStatus.h */,
				CF8A1B0416B7AFFD00ED429E /* SMStatus.m */,
				CF8A1B0016B7AFFD00ED429E /* SMPriority.h */,
				CF8A1B0116B7AFFD00ED429E /* SMPriority.m */,
				CF10AEF416B179EF008F9741 /* SMManagedObject+networkExtension.h */,
				CF10AEF516B179EF008F9741 /* SMManagedObject+networkExtension.m */,
				CF114BC116B6D36D0033346D /* SMCurrentUser+trackingExtension.h */,
				CF114BC216B6D36D0033346D /* SMCurrentUser+trackingExtension.m */,
				CF114BCC16B6DF4D0033346D /* SMTimeEntry+DisplayThingi.h */,
				CF114BCD16B6DF4D0033346D /* SMTimeEntry+DisplayThingi.m */,
				CF8A1AF416B7AC1300ED429E /* SMTimeEntry+networkExtension.h */,
				CF8A1AF516B7AC1300ED429E /* SMTimeEntry+networkExtension.m */,
			);
			path = model;
			sourceTree = "<group>";
		};
		CF10AEFD16B17B34008F9741 /* network */ = {
			isa = PBXGroup;
			children = (
				CF10AEFE16B17B4C008F9741 /* SMHttpClient.h */,
				CF10AEFF16B17B4C008F9741 /* SMHttpClient.m */,
				CFABD41216B1826900C93A0D /* SMNetworkUpdate.h */,
				CFABD41316B1826900C93A0D /* SMNetworkUpdate.m */,
			);
			path = network;
			sourceTree = "<group>";
		};
		CF114B7316B6880D0033346D /* DDHotKey */ = {
			isa = PBXGroup;
			children = (
				CF114B7C16B6880D0033346D /* DDHotKeyCenter.h */,
				CF114B7D16B6880D0033346D /* DDHotKeyCenter.m */,
			);
			path = DDHotKey;
			sourceTree = "<group>";
		};
		CF114BC416B6D9790033346D /* tracking */ = {
			isa = PBXGroup;
			children = (
				CFABD42716B1A07800C93A0D /* ActiveApplicationTracker.h */,
				CFABD42816B1A07800C93A0D /* ActiveApplicationTracker.m */,
				CF114BC516B6D9A60033346D /* TimeTracker.h */,
				CF114BC616B6D9A60033346D /* TimeTracker.m */,
			);
			path = tracking;
			sourceTree = "<group>";
		};
		CF114BC816B6DE270033346D /* valueTransformer */ = {
			isa = PBXGroup;
			children = (
			);
			path = valueTransformer;
			sourceTree = "<group>";
		};
		CF8844A716B045E9008B87FC = {
			isa = PBXGroup;
			children = (
				CF114ADD16B686DF0033346D /* Carbon.framework */,
				CF10AEDC16B17845008F9741 /* SystemConfiguration.framework */,
				CF8844BC16B045E9008B87FC /* RedmineTimeTracker */,
				CF8844B516B045E9008B87FC /* Frameworks */,
				CF8844B316B045E9008B87FC /* Products */,
			);
			sourceTree = "<group>";
		};
		CF8844B316B045E9008B87FC /* Products */ = {
			isa = PBXGroup;
			children = (
				CF8844B216B045E9008B87FC /* RedmineTimeTracker.app */,
			);
			name = Products;
			sourceTree = "<group>";
		};
		CF8844B516B045E9008B87FC /* Frameworks */ = {
			isa = PBXGroup;
			children = (
				CF8844B616B045E9008B87FC /* Cocoa.framework */,
				CF8844B816B045E9008B87FC /* Other Frameworks */,
			);
			name = Frameworks;
			sourceTree = "<group>";
		};
		CF8844B816B045E9008B87FC /* Other Frameworks */ = {
			isa = PBXGroup;
			children = (
				CF8844B916B045E9008B87FC /* AppKit.framework */,
				CF8844BA16B045E9008B87FC /* CoreData.framework */,
				CF8844BB16B045E9008B87FC /* Foundation.framework */,
			);
			name = "Other Frameworks";
			sourceTree = "<group>";
		};
		CF8844BC16B045E9008B87FC /* RedmineTimeTracker */ = {
			isa = PBXGroup;
			children = (
				CF114BC816B6DE270033346D /* valueTransformer */,
				CF114BC416B6D9790033346D /* tracking */,
				CFABD41A16B1899C00C93A0D /* gui */,
				CF10AEFD16B17B34008F9741 /* network */,
				CF10AED816B177D5008F9741 /* model */,
				CF8844D616B17767008B87FC /* addins */,
				CF8844C816B045E9008B87FC /* AppDelegate.h */,
				CF8844C916B045E9008B87FC /* AppDelegate.m */,
				CF8844CB16B045E9008B87FC /* MainMenu.xib */,
				CF8844BD16B045E9008B87FC /* Supporting Files */,
			);
			path = RedmineTimeTracker;
			sourceTree = "<group>";
		};
		CF8844BD16B045E9008B87FC /* Supporting Files */ = {
			isa = PBXGroup;
			children = (
				CF8844BE16B045E9008B87FC /* RedmineTimeTracker-Info.plist */,
				CF8844BF16B045E9008B87FC /* InfoPlist.strings */,
				CF8844C216B045E9008B87FC /* main.m */,
				CF8844C416B045E9008B87FC /* RedmineTimeTracker-Prefix.pch */,
				CF8844C516B045E9008B87FC /* Credits.rtf */,
			);
			name = "Supporting Files";
			sourceTree = "<group>";
		};
		CF8844D616B17767008B87FC /* addins */ = {
			isa = PBXGroup;
			children = (
				CF114B7316B6880D0033346D /* DDHotKey */,
				CF8844D716B17767008B87FC /* AFNetworking */,
			);
			path = addins;
			sourceTree = "<group>";
		};
		CF8844D716B17767008B87FC /* AFNetworking */ = {
			isa = PBXGroup;
			children = (
				CF8844D916B17767008B87FC /* AFNetworking */,
			);
			path = AFNetworking;
			sourceTree = "<group>";
		};
		CF8844D916B17767008B87FC /* AFNetworking */ = {
			isa = PBXGroup;
			children = (
				CF8844DA16B17767008B87FC /* AFHTTPClient.h */,
				CF8844DB16B17767008B87FC /* AFHTTPClient.m */,
				CF8844DC16B17767008B87FC /* AFHTTPRequestOperation.h */,
				CF8844DD16B17767008B87FC /* AFHTTPRequestOperation.m */,
				CF8844DE16B17767008B87FC /* AFImageRequestOperation.h */,
				CF8844DF16B17767008B87FC /* AFImageRequestOperation.m */,
				CF8844E016B17767008B87FC /* AFJSONRequestOperation.h */,
				CF8844E116B17767008B87FC /* AFJSONRequestOperation.m */,
				CF8844E216B17767008B87FC /* AFNetworkActivityIndicatorManager.h */,
				CF8844E316B17767008B87FC /* AFNetworkActivityIndicatorManager.m */,
				CF8844E416B17767008B87FC /* AFNetworking.h */,
				CF8844E516B17767008B87FC /* AFPropertyListRequestOperation.h */,
				CF8844E616B17767008B87FC /* AFPropertyListRequestOperation.m */,
				CF8844E716B17767008B87FC /* AFURLConnectionOperation.h */,
				CF8844E816B17767008B87FC /* AFURLConnectionOperation.m */,
				CF8844E916B17767008B87FC /* AFXMLRequestOperation.h */,
				CF8844EA16B17767008B87FC /* AFXMLRequestOperation.m */,
				CF8844EB16B17767008B87FC /* UIImageView+AFNetworking.h */,
				CF8844EC16B17767008B87FC /* UIImageView+AFNetworking.m */,
			);
			path = AFNetworking;
			sourceTree = "<group>";
		};
		CFABD41A16B1899C00C93A0D /* gui */ = {
			isa = PBXGroup;
			children = (
				CFABD42416B1A06500C93A0D /* StatusBarMenu.h */,
				CFABD42516B1A06500C93A0D /* StatusBarMenu.m */,
				CFABD42A16B1A49800C93A0D /* IssuesList.h */,
				CFABD42B16B1A49800C93A0D /* IssuesList.m */,
				CF114B9616B68EC60033346D /* StartTrackingWindowController.h */,
				CF114B9716B68EC60033346D /* StartTrackingWindowController.m */,
				CF114B9816B68EC60033346D /* StartTrackingWindowController.xib */,
				CF114B9E16B6CBED0033346D /* TrackingWindowController.h */,
				CF114B9F16B6CBED0033346D /* TrackingWindowController.m */,
				CF114BA016B6CBED0033346D /* TrackingWindowController.xib */,
				CF8A1B2616B7CFE400ED429E /* PreferencesWindowController.h */,
				CF8A1B2716B7CFE400ED429E /* PreferencesWindowController.m */,
				CF8A1B2816B7CFE500ED429E /* PreferencesWindowController.xib */,
				CF2EBDFC16B7E5C400CA2BAA /* TimeIssueRowView.h */,
				CF2EBDFD16B7E5C400CA2BAA /* TimeIssueRowView.m */,
			);
			path = gui;
			sourceTree = "<group>";
		};
/* End PBXGroup section */

/* Begin PBXNativeTarget section */
		CF8844B116B045E9008B87FC /* RedmineTimeTracker */ = {
			isa = PBXNativeTarget;
			buildConfigurationList = CF8844D316B045E9008B87FC /* Build configuration list for PBXNativeTarget "RedmineTimeTracker" */;
			buildPhases = (
				CF8844AE16B045E9008B87FC /* Sources */,
				CF8844AF16B045E9008B87FC /* Frameworks */,
				CF8844B016B045E9008B87FC /* Resources */,
			);
			buildRules = (
			);
			dependencies = (
			);
			name = RedmineTimeTracker;
			productName = RedmineTimeTracker;
			productReference = CF8844B216B045E9008B87FC /* RedmineTimeTracker.app */;
			productType = "com.apple.product-type.application";
		};
/* End PBXNativeTarget section */

/* Begin PBXProject section */
		CF8844A916B045E9008B87FC /* Project object */ = {
			isa = PBXProject;
			attributes = {
				LastUpgradeCheck = 0450;
				ORGANIZATIONNAME = "smooh GmbH";
			};
			buildConfigurationList = CF8844AC16B045E9008B87FC /* Build configuration list for PBXProject "RedmineTimeTracker" */;
			compatibilityVersion = "Xcode 3.2";
			developmentRegion = English;
			hasScannedForEncodings = 0;
			knownRegions = (
				en,
				English,
			);
			mainGroup = CF8844A716B045E9008B87FC;
			productRefGroup = CF8844B316B045E9008B87FC /* Products */;
			projectDirPath = "";
			projectRoot = "";
			targets = (
				CF8844B116B045E9008B87FC /* RedmineTimeTracker */,
			);
		};
/* End PBXProject section */

/* Begin PBXResourcesBuildPhase section */
		CF8844B016B045E9008B87FC /* Resources */ = {
			isa = PBXResourcesBuildPhase;
			buildActionMask = 2147483647;
			files = (
				CF8844C116B045E9008B87FC /* InfoPlist.strings in Resources */,
				CF8844C716B045E9008B87FC /* Credits.rtf in Resources */,
				CF8844CD16B045E9008B87FC /* MainMenu.xib in Resources */,
				CF114B9A16B68EC70033346D /* StartTrackingWindowController.xib in Resources */,
				CF114BA216B6CBED0033346D /* TrackingWindowController.xib in Resources */,
				CF8A1B2A16B7CFE500ED429E /* PreferencesWindowController.xib in Resources */,
			);
			runOnlyForDeploymentPostprocessing = 0;
		};
/* End PBXResourcesBuildPhase section */

/* Begin PBXSourcesBuildPhase section */
		CF8844AE16B045E9008B87FC /* Sources */ = {
			isa = PBXSourcesBuildPhase;
			buildActionMask = 2147483647;
			files = (
				CF10AF0116B17DBB008F9741 /* SMUpdateOperation.m in Sources */,
				CF8844C316B045E9008B87FC /* main.m in Sources */,
				CF8844CA16B045E9008B87FC /* AppDelegate.m in Sources */,
				CF88452216B17767008B87FC /* AFHTTPClient.m in Sources */,
				CF88452316B17767008B87FC /* AFHTTPRequestOperation.m in Sources */,
				CF88452416B17767008B87FC /* AFImageRequestOperation.m in Sources */,
				CF88452516B17767008B87FC /* AFJSONRequestOperation.m in Sources */,
				CF88452616B17767008B87FC /* AFNetworkActivityIndicatorManager.m in Sources */,
				CF88452716B17767008B87FC /* AFPropertyListRequestOperation.m in Sources */,
				CF88452816B17767008B87FC /* AFURLConnectionOperation.m in Sources */,
				CF88452916B17767008B87FC /* AFXMLRequestOperation.m in Sources */,
				CF88452A16B17767008B87FC /* UIImageView+AFNetworking.m in Sources */,
				CF10AEDB16B177D5008F9741 /* RedmineTimeTracker.xcdatamodeld in Sources */,
				CF10AEF616B179EF008F9741 /* SMManagedObject+networkExtension.m in Sources */,
				CF10AF0016B17B4C008F9741 /* SMHttpClient.m in Sources */,
				CFABD41416B1826900C93A0D /* SMNetworkUpdate.m in Sources */,
				CFABD42616B1A06500C93A0D /* StatusBarMenu.m in Sources */,
				CFABD42916B1A07800C93A0D /* ActiveApplicationTracker.m in Sources */,
				CFABD42C16B1A49800C93A0D /* IssuesList.m in Sources */,
				CF114B8B16B6880D0033346D /* DDHotKeyCenter.m in Sources */,
				CF114B9916B68EC70033346D /* StartTrackingWindowController.m in Sources */,
				CF114BA116B6CBED0033346D /* TrackingWindowController.m in Sources */,
				CF114BC316B6D36D0033346D /* SMCurrentUser+trackingExtension.m in Sources */,
				CF114BC716B6D9A60033346D /* TimeTracker.m in Sources */,
				CF114BCE16B6DF4E0033346D /* SMTimeEntry+DisplayThingi.m in Sources */,
				CF8A1AF616B7AC1300ED429E /* SMTimeEntry+networkExtension.m in Sources */,
				CF8A1B0216B7AFFD00ED429E /* SMPriority.m in Sources */,
				CF8A1B0516B7AFFD00ED429E /* SMStatus.m in Sources */,
				CF8A1B0816B7AFFE00ED429E /* SMManagedObject.m in Sources */,
				CF8A1B0B16B7AFFE00ED429E /* SMTimeEntry.m in Sources */,
				CF8A1B0E16B7AFFE00ED429E /* SMTrackers.m in Sources */,
				CF8A1B1116B7AFFE00ED429E /* SMRedmineUser.m in Sources */,
				CF8A1B1416B7AFFF00ED429E /* SMActivity.m in Sources */,
				CF8A1B1716B7AFFF00ED429E /* SMIssue.m in Sources */,
				CF8A1B1A16B7AFFF00ED429E /* SMProjects.m in Sources */,
				CF8A1B1D16B7AFFF00ED429E /* SMCurrentUser.m in Sources */,
				CF8A1B2916B7CFE500ED429E /* PreferencesWindowController.m in Sources */,
				CF2EBDFE16B7E5C400CA2BAA /* TimeIssueRowView.m in Sources */,
			);
			runOnlyForDeploymentPostprocessing = 0;
		};
/* End PBXSourcesBuildPhase section */

/* Begin PBXVariantGroup section */
		CF8844BF16B045E9008B87FC /* InfoPlist.strings */ = {
			isa = PBXVariantGroup;
			children = (
				CF8844C016B045E9008B87FC /* en */,
			);
			name = InfoPlist.strings;
			sourceTree = "<group>";
		};
		CF8844C516B045E9008B87FC /* Credits.rtf */ = {
			isa = PBXVariantGroup;
			children = (
				CF8844C616B045E9008B87FC /* en */,
			);
			name = Credits.rtf;
			sourceTree = "<group>";
		};
		CF8844CB16B045E9008B87FC /* MainMenu.xib */ = {
			isa = PBXVariantGroup;
			children = (
				CF8844CC16B045E9008B87FC /* en */,
			);
			name = MainMenu.xib;
			sourceTree = "<group>";
		};
/* End PBXVariantGroup section */

/* Begin XCBuildConfiguration section */
		CF8844D116B045E9008B87FC /* Debug */ = {
			isa = XCBuildConfiguration;
			buildSettings = {
				ALWAYS_SEARCH_USER_PATHS = NO;
				ARCHS = "$(ARCHS_STANDARD_64_BIT)";
				CLANG_CXX_LANGUAGE_STANDARD = "gnu++0x";
				CLANG_CXX_LIBRARY = "libc++";
				CLANG_ENABLE_OBJC_ARC = YES;
				CLANG_WARN_EMPTY_BODY = YES;
				CLANG_WARN__DUPLICATE_METHOD_MATCH = YES;
				COPY_PHASE_STRIP = NO;
				GCC_C_LANGUAGE_STANDARD = gnu99;
				GCC_DYNAMIC_NO_PIC = NO;
				GCC_ENABLE_OBJC_EXCEPTIONS = YES;
				GCC_OPTIMIZATION_LEVEL = 0;
				GCC_PREPROCESSOR_DEFINITIONS = (
					"DEBUG=1",
					"$(inherited)",
				);
				GCC_SYMBOLS_PRIVATE_EXTERN = NO;
				GCC_WARN_64_TO_32_BIT_CONVERSION = YES;
				GCC_WARN_ABOUT_RETURN_TYPE = YES;
				GCC_WARN_UNINITIALIZED_AUTOS = YES;
				GCC_WARN_UNUSED_VARIABLE = YES;
				MACOSX_DEPLOYMENT_TARGET = 10.8;
				ONLY_ACTIVE_ARCH = YES;
				SDKROOT = macosx;
			};
			name = Debug;
		};
		CF8844D216B045E9008B87FC /* Release */ = {
			isa = XCBuildConfiguration;
			buildSettings = {
				ALWAYS_SEARCH_USER_PATHS = NO;
				ARCHS = "$(ARCHS_STANDARD_64_BIT)";
				CLANG_CXX_LANGUAGE_STANDARD = "gnu++0x";
				CLANG_CXX_LIBRARY = "libc++";
				CLANG_ENABLE_OBJC_ARC = YES;
				CLANG_WARN_EMPTY_BODY = YES;
				CLANG_WARN__DUPLICATE_METHOD_MATCH = YES;
				COPY_PHASE_STRIP = YES;
				DEBUG_INFORMATION_FORMAT = "dwarf-with-dsym";
				GCC_C_LANGUAGE_STANDARD = gnu99;
				GCC_ENABLE_OBJC_EXCEPTIONS = YES;
				GCC_WARN_64_TO_32_BIT_CONVERSION = YES;
				GCC_WARN_ABOUT_RETURN_TYPE = YES;
				GCC_WARN_UNINITIALIZED_AUTOS = YES;
				GCC_WARN_UNUSED_VARIABLE = YES;
				MACOSX_DEPLOYMENT_TARGET = 10.8;
				SDKROOT = macosx;
			};
			name = Release;
		};
		CF8844D416B045E9008B87FC /* Debug */ = {
			isa = XCBuildConfiguration;
			buildSettings = {
				COMBINE_HIDPI_IMAGES = YES;
				GCC_PRECOMPILE_PREFIX_HEADER = YES;
				GCC_PREFIX_HEADER = "RedmineTimeTracker/RedmineTimeTracker-Prefix.pch";
				INFOPLIST_FILE = "RedmineTimeTracker/RedmineTimeTracker-Info.plist";
				MACOSX_DEPLOYMENT_TARGET = 10.7;
				PRODUCT_NAME = "$(TARGET_NAME)";
				WRAPPER_EXTENSION = app;
			};
			name = Debug;
		};
		CF8844D516B045E9008B87FC /* Release */ = {
			isa = XCBuildConfiguration;
			buildSettings = {
				COMBINE_HIDPI_IMAGES = YES;
				GCC_PRECOMPILE_PREFIX_HEADER = YES;
				GCC_PREFIX_HEADER = "RedmineTimeTracker/RedmineTimeTracker-Prefix.pch";
				INFOPLIST_FILE = "RedmineTimeTracker/RedmineTimeTracker-Info.plist";
				MACOSX_DEPLOYMENT_TARGET = 10.7;
				PRODUCT_NAME = "$(TARGET_NAME)";
				WRAPPER_EXTENSION = app;
			};
			name = Release;
		};
/* End XCBuildConfiguration section */

/* Begin XCConfigurationList section */
		CF8844AC16B045E9008B87FC /* Build configuration list for PBXProject "RedmineTimeTracker" */ = {
			isa = XCConfigurationList;
			buildConfigurations = (
				CF8844D116B045E9008B87FC /* Debug */,
				CF8844D216B045E9008B87FC /* Release */,
			);
			defaultConfigurationIsVisible = 0;
			defaultConfigurationName = Release;
		};
		CF8844D316B045E9008B87FC /* Build configuration list for PBXNativeTarget "RedmineTimeTracker" */ = {
			isa = XCConfigurationList;
			buildConfigurations = (
				CF8844D416B045E9008B87FC /* Debug */,
				CF8844D516B045E9008B87FC /* Release */,
			);
			defaultConfigurationIsVisible = 0;
			defaultConfigurationName = Release;
		};
/* End XCConfigurationList section */

/* Begin XCVersionGroup section */
		CF10AED916B177D5008F9741 /* RedmineTimeTracker.xcdatamodeld */ = {
			isa = XCVersionGroup;
			children = (
				CF10AEDA16B177D5008F9741 /* RedmineTimeTracker.xcdatamodel */,
			);
			currentVersion = CF10AEDA16B177D5008F9741 /* RedmineTimeTracker.xcdatamodel */;
			path = RedmineTimeTracker.xcdatamodeld;
			sourceTree = "<group>";
			versionGroupType = wrapper.xcdatamodel;
		};
/* End XCVersionGroup section */
	};
	rootObject = CF8844A916B045E9008B87FC /* Project object */;
}
